
Microsoft Visual Studio Solution File, Format Version 12.00
# Visual Studio Version 17
VisualStudioVersion = 17.14.36109.1
MinimumVisualStudioVersion = 10.0.40219.1
Project("{FAE04EC0-301F-11D3-BF4B-00C04F79EFBC}") = "grade_management", "grade_management\grade_management.csproj", "{01E204A2-FAB2-3273-03F9-870ADBF91E78}"
EndProject
Global
	GlobalSection(SolutionConfigurationPlatforms) = preSolution
		Debug|Any CPU = Debug|Any CPU
		Release|Any CPU = Release|Any CPU
	EndGlobalSection
	GlobalSection(ProjectConfigurationPlatforms) = postSolution
		{01E204A2-FAB2-3273-03F9-870ADBF91E78}.Debug|Any CPU.ActiveCfg = Debug|Any CPU
		{01E204A2-FAB2-3273-03F9-870ADBF91E78}.Debug|Any CPU.Build.0 = Debug|Any CPU
		{01E204A2-FAB2-3273-03F9-870ADBF91E78}.Release|Any CPU.ActiveCfg = Release|Any CPU
		{01E204A2-FAB2-3273-03F9-870ADBF91E78}.Release|Any CPU.Build.0 = Release|Any CPU
	EndGlobalSection
	GlobalSection(SolutionProperties) = preSolution
		HideSolutionNode = FALSE
	EndGlobalSection
	GlobalSection(ExtensibilityGlobals) = postSolution
		SolutionGuid = {CC4AB762-4238-49D6-9715-67A1A86DEF1B}
	EndGlobalSection
EndGlobal
